
Microsoft Visual Studio Solution File, Format Version 12.00
# Visual Studio 15
VisualStudioVersion = 15.0.27428.2037
MinimumVisualStudioVersion = 10.0.40219.1
Project("{FAE04EC0-301F-11D3-BF4B-00C04F79EFBC}") = "Base64", "Base64\Base64.csproj", "{9B0F6DF6-15EA-4672-99CA-70CE3E0E7D1F}"
EndProject
Global
	GlobalSection(SolutionConfigurationPlatforms) = preSolution
		Debug|Any CPU = Debug|Any CPU
		Release|Any CPU = Release|Any CPU
	EndGlobalSection
	GlobalSection(ProjectConfigurationPlatforms) = postSolution
		{9B0F6DF6-15EA-4672-99CA-70CE3E0E7D1F}.Debug|Any CPU.ActiveCfg = Debug|Any CPU
		{9B0F6DF6-15EA-4672-99CA-70CE3E0E7D1F}.Debug|Any CPU.Build.0 = Debug|Any CPU
		{9B0F6DF6-15EA-4672-99CA-70CE3E0E7D1F}.Release|Any CPU.ActiveCfg = Release|Any CPU
		{9B0F6DF6-15EA-4672-99CA-70CE3E0E7D1F}.Release|Any CPU.Build.0 = Release|Any CPU
	EndGlobalSection
	GlobalSection(SolutionProperties) = preSolution
		HideSolutionNode = FALSE
	EndGlobalSection
	GlobalSection(ExtensibilityGlobals) = postSolution
		SolutionGuid = {435E0E7A-7E6C-4471-AD3E-3F519DE19A07}
	EndGlobalSection
EndGlobal
